{
  "name": "first-project",
  "version": "1.0.0",
  "lockfileVersion": 1,
  "dependencies": {
    "@types/babel-core": {
      "version": "6.7.14",
      "resolved": "https://registry.npmjs.org/@types/babel-core/-/babel-core-6.7.14.tgz",
      "integrity": "sha1-oIyQCpjomHwamNLqT6ChgFp9Ex8=",
      "dev": true
    },
    "@types/babel-template": {
      "version": "6.7.14",
      "resolved": "https://registry.npmjs.org/@types/babel-template/-/babel-template-6.7.14.tgz",
      "integrity": "sha1-gIilb51pfWINPQecPvZgJbegjQI=",
      "dev": true
    },
    "@types/babel-traverse": {
      "version": "6.7.17",
      "resolved": "https://registry.npmjs.org/@types/babel-traverse/-/babel-traverse-6.7.17.tgz",
      "integrity": "sha512-OjTZPym3oYlXcgXW5nt9vv8y2RPlf/67jwTy7AXonw+ZFyJJSTww9g8Bd5xsoJ2lYSnMOGcTtuw7P7adEKR6qw==",
      "dev": true
    },
    "@types/babel-types": {
      "version": "6.7.16",
      "resolved": "https://registry.npmjs.org/@types/babel-types/-/babel-types-6.7.16.tgz",
      "integrity": "sha1-4mAolmNoWKAGeXH3yku4Z4A4KT8=",
      "dev": true
    },
    "@types/babylon": {
      "version": "6.16.1",
      "resolved": "https://registry.npmjs.org/@types/babylon/-/babylon-6.16.1.tgz",
      "integrity": "sha1-5NEKueQ6c3A6F8b0FDi+3ih2k0A=",
      "dev": true
    },
    "@types/express-serve-static-core": {
      "version": "4.0.49",
      "resolved": "https://registry.npmjs.org/@types/express-serve-static-core/-/express-serve-static-core-4.0.49.tgz",
      "integrity": "sha512-b7mVHoURu1xaP/V6xw1sYwyv9V0EZ7euyi+sdnbnTZxEkAh4/hzPsI6Eflq+ZzHQ/Tgl7l16Jz+0oz8F46MLnA==",
      "dev": true
    },
    "@types/extract-text-webpack-plugin": {
      "version": "2.1.0",
      "resolved": "https://registry.npmjs.org/@types/extract-text-webpack-plugin/-/extract-text-webpack-plugin-2.1.0.tgz",
      "integrity": "sha1-2w64WdG2HqXSoLda00tP8xehg3k=",
      "dev": true
    },
    "@types/mime": {
      "version": "1.3.1",
      "resolved": "https://registry.npmjs.org/@types/mime/-/mime-1.3.1.tgz",
      "integrity": "sha512-rek8twk9C58gHYqIrUlJsx8NQMhlxqHzln9Z9ODqiNgv3/s+ZwIrfr+djqzsnVM12xe9hL98iJ20lj2RvCBv6A==",
      "dev": true
    },
    "@types/node": {
      "version": "8.0.11",
      "resolved": "https://registry.npmjs.org/@types/node/-/node-8.0.11.tgz",
      "integrity": "sha512-cvpf//OAWDUtIjkPvxBJLpv3J8+961gJU0rdmMSWEbkCsn3ql66BP5He8laiqicfocRsegq3DEOu0IMMMhFjzg==",
      "dev": true
    },
    "@types/serve-static": {
      "version": "1.7.31",
      "resolved": "https://registry.npmjs.org/@types/serve-static/-/serve-static-1.7.31.tgz",
      "integrity": "sha1-FUVt6NmNa0z/Mb5savdJKuY/Uho=",
      "dev": true
    },
    "@types/source-map": {
      "version": "0.5.0",
      "resolved": "https://registry.npmjs.org/@types/source-map/-/source-map-0.5.0.tgz",
      "integrity": "sha1-3TS72OMv5OdPLj2KwH+KpbRaR6w=",
      "dev": true
    },
    "@types/tapable": {
      "version": "0.2.3",
      "resolved": "https://registry.npmjs.org/@types/tapable/-/tapable-0.2.3.tgz",
      "integrity": "sha1-CIiw8gzH5Y4cIqGIi06WPu+qgQo=",
      "dev": true
    },
    "@types/uglify-js": {
      "version": "2.6.29",
      "resolved": "https://registry.npmjs.org/@types/uglify-js/-/uglify-js-2.6.29.tgz",
      "integrity": "sha512-BdFLCZW0GTl31AbqXSak8ss/MqEZ3DN2MH9rkAyGoTuzK7ifGUlX+u0nfbWeTsa7IPcZhtn8BlpYBXSV+vqGhQ==",
      "dev": true
    },
    "@types/webpack": {
      "version": "3.0.4",
      "resolved": "https://registry.npmjs.org/@types/webpack/-/webpack-3.0.4.tgz",
      "integrity": "sha512-+LjzDICeKZI4N3PUNtzpxPA44/YvhXRBU1bUPj4PlAsquaqahksiIGnZhgZfutwSwcXCIMMu/o0zgEUyWsSkaw==",
      "dev": true
    },
    "@types/webpack-dev-server": {
      "version": "2.4.0",
      "resolved": "https://registry.npmjs.org/@types/webpack-dev-server/-/webpack-dev-server-2.4.0.tgz",
      "integrity": "sha1-5YT9y1jrL1vWLNR4Ut/vozRnWCI=",
      "dev": true
    },
    "@types/webpack-merge": {
      "version": "0.0.4",
      "resolved": "https://registry.npmjs.org/@types/webpack-merge/-/webpack-merge-0.0.4.tgz",
      "integrity": "sha1-cVDqp1hZGQX7uxV/iOoVyuNdG2w=",
      "dev": true
    }
  }
}
